
Microsoft Visual Studio Solution File, Format Version 12.00
Project("{FAE04EC0-301F-11D3-BF4B-00C04F79EFBC}") = "input-converter", "input-converter\input-converter.csproj", "{297A78F2-5949-4043-B32B-B304917CFD56}"
EndProject
Project("{FAE04EC0-301F-11D3-BF4B-00C04F79EFBC}") = "input-converter-tests", "input-converter-tests\input-converter-tests.csproj", "{FC025371-D67E-47B5-A892-D67DF7F94AB0}"
EndProject
Project("{FAE04EC0-301F-11D3-BF4B-00C04F79EFBC}") = "Day-1", "Day-1\Day-1.csproj", "{60B12096-C08D-4CEC-8D11-297891624162}"
EndProject
Project("{FAE04EC0-301F-11D3-BF4B-00C04F79EFBC}") = "Day-1-tests", "Day-1-tests\Day-1-tests.csproj", "{40C2E857-626F-4019-BE17-36CC88A22E2C}"
EndProject
Project("{FAE04EC0-301F-11D3-BF4B-00C04F79EFBC}") = "Day-2", "Day-2\Day-2.csproj", "{FC4081EA-4953-4897-8EAB-CA8E5E4178A8}"
EndProject
Project("{FAE04EC0-301F-11D3-BF4B-00C04F79EFBC}") = "Day-2-tests", "Day-2-tests\Day-2-tests.csproj", "{AE2D3589-49E6-43BE-9CA9-CB0AAE73FEF9}"
EndProject
Global
	GlobalSection(SolutionConfigurationPlatforms) = preSolution
		Debug|Any CPU = Debug|Any CPU
		Release|Any CPU = Release|Any CPU
	EndGlobalSection
	GlobalSection(ProjectConfigurationPlatforms) = postSolution
		{297A78F2-5949-4043-B32B-B304917CFD56}.Debug|Any CPU.ActiveCfg = Debug|Any CPU
		{297A78F2-5949-4043-B32B-B304917CFD56}.Debug|Any CPU.Build.0 = Debug|Any CPU
		{297A78F2-5949-4043-B32B-B304917CFD56}.Release|Any CPU.ActiveCfg = Release|Any CPU
		{297A78F2-5949-4043-B32B-B304917CFD56}.Release|Any CPU.Build.0 = Release|Any CPU
		{FC025371-D67E-47B5-A892-D67DF7F94AB0}.Debug|Any CPU.ActiveCfg = Debug|Any CPU
		{FC025371-D67E-47B5-A892-D67DF7F94AB0}.Debug|Any CPU.Build.0 = Debug|Any CPU
		{FC025371-D67E-47B5-A892-D67DF7F94AB0}.Release|Any CPU.ActiveCfg = Release|Any CPU
		{FC025371-D67E-47B5-A892-D67DF7F94AB0}.Release|Any CPU.Build.0 = Release|Any CPU
		{60B12096-C08D-4CEC-8D11-297891624162}.Debug|Any CPU.ActiveCfg = Debug|Any CPU
		{60B12096-C08D-4CEC-8D11-297891624162}.Debug|Any CPU.Build.0 = Debug|Any CPU
		{60B12096-C08D-4CEC-8D11-297891624162}.Release|Any CPU.ActiveCfg = Release|Any CPU
		{60B12096-C08D-4CEC-8D11-297891624162}.Release|Any CPU.Build.0 = Release|Any CPU
		{40C2E857-626F-4019-BE17-36CC88A22E2C}.Debug|Any CPU.ActiveCfg = Debug|Any CPU
		{40C2E857-626F-4019-BE17-36CC88A22E2C}.Debug|Any CPU.Build.0 = Debug|Any CPU
		{40C2E857-626F-4019-BE17-36CC88A22E2C}.Release|Any CPU.ActiveCfg = Release|Any CPU
		{40C2E857-626F-4019-BE17-36CC88A22E2C}.Release|Any CPU.Build.0 = Release|Any CPU
		{FC4081EA-4953-4897-8EAB-CA8E5E4178A8}.Debug|Any CPU.ActiveCfg = Debug|Any CPU
		{FC4081EA-4953-4897-8EAB-CA8E5E4178A8}.Debug|Any CPU.Build.0 = Debug|Any CPU
		{FC4081EA-4953-4897-8EAB-CA8E5E4178A8}.Release|Any CPU.ActiveCfg = Release|Any CPU
		{FC4081EA-4953-4897-8EAB-CA8E5E4178A8}.Release|Any CPU.Build.0 = Release|Any CPU
		{AE2D3589-49E6-43BE-9CA9-CB0AAE73FEF9}.Debug|Any CPU.ActiveCfg = Debug|Any CPU
		{AE2D3589-49E6-43BE-9CA9-CB0AAE73FEF9}.Debug|Any CPU.Build.0 = Debug|Any CPU
		{AE2D3589-49E6-43BE-9CA9-CB0AAE73FEF9}.Release|Any CPU.ActiveCfg = Release|Any CPU
		{AE2D3589-49E6-43BE-9CA9-CB0AAE73FEF9}.Release|Any CPU.Build.0 = Release|Any CPU
	EndGlobalSection
EndGlobal
