
Microsoft Visual Studio Solution File, Format Version 12.00
Project("{FAE04EC0-301F-11D3-BF4B-00C04F79EFBC}") = "input-converter", "input-converter\input-converter.csproj", "{297A78F2-5949-4043-B32B-B304917CFD56}"
EndProject
Project("{FAE04EC0-301F-11D3-BF4B-00C04F79EFBC}") = "input-converter-tests", "input-converter-tests\input-converter-tests.csproj", "{FC025371-D67E-47B5-A892-D67DF7F94AB0}"
EndProject
Project("{FAE04EC0-301F-11D3-BF4B-00C04F79EFBC}") = "Day-1", "Day-1\Day-1.csproj", "{60B12096-C08D-4CEC-8D11-297891624162}"
EndProject
Project("{FAE04EC0-301F-11D3-BF4B-00C04F79EFBC}") = "Day-1-tests", "Day-1-tests\Day-1-tests.csproj", "{40C2E857-626F-4019-BE17-36CC88A22E2C}"
EndProject
Project("{FAE04EC0-301F-11D3-BF4B-00C04F79EFBC}") = "Day-2", "Day-2\Day-2.csproj", "{FC4081EA-4953-4897-8EAB-CA8E5E4178A8}"
EndProject
Project("{FAE04EC0-301F-11D3-BF4B-00C04F79EFBC}") = "Day-2-tests", "Day-2-tests\Day-2-tests.csproj", "{AE2D3589-49E6-43BE-9CA9-CB0AAE73FEF9}"
EndProject
Project("{FAE04EC0-301F-11D3-BF4B-00C04F79EFBC}") = "Day-3", "Day-3\Day-3.csproj", "{E14FD14C-1EE4-4C7B-9902-9D8A8AE6D71A}"
EndProject
Project("{FAE04EC0-301F-11D3-BF4B-00C04F79EFBC}") = "Day-3-tests", "Day-3-tests\Day-3-tests.csproj", "{9580BA76-D681-4064-80A5-ABEEEECA81E4}"
EndProject
Project("{FAE04EC0-301F-11D3-BF4B-00C04F79EFBC}") = "Day-4", "Day-4\Day-4.csproj", "{0329F841-0FD2-4397-8F35-5B7D5B2C5196}"
EndProject
Project("{FAE04EC0-301F-11D3-BF4B-00C04F79EFBC}") = "Day-4-tests", "Day-4-tests\Day-4-tests.csproj", "{79ED63A0-7D7A-42B9-B60C-F218EBA84915}"
EndProject
Global
	GlobalSection(SolutionConfigurationPlatforms) = preSolution
		Debug|Any CPU = Debug|Any CPU
		Release|Any CPU = Release|Any CPU
	EndGlobalSection
	GlobalSection(ProjectConfigurationPlatforms) = postSolution
		{297A78F2-5949-4043-B32B-B304917CFD56}.Debug|Any CPU.ActiveCfg = Debug|Any CPU
		{297A78F2-5949-4043-B32B-B304917CFD56}.Debug|Any CPU.Build.0 = Debug|Any CPU
		{297A78F2-5949-4043-B32B-B304917CFD56}.Release|Any CPU.ActiveCfg = Release|Any CPU
		{297A78F2-5949-4043-B32B-B304917CFD56}.Release|Any CPU.Build.0 = Release|Any CPU
		{FC025371-D67E-47B5-A892-D67DF7F94AB0}.Debug|Any CPU.ActiveCfg = Debug|Any CPU
		{FC025371-D67E-47B5-A892-D67DF7F94AB0}.Debug|Any CPU.Build.0 = Debug|Any CPU
		{FC025371-D67E-47B5-A892-D67DF7F94AB0}.Release|Any CPU.ActiveCfg = Release|Any CPU
		{FC025371-D67E-47B5-A892-D67DF7F94AB0}.Release|Any CPU.Build.0 = Release|Any CPU
		{60B12096-C08D-4CEC-8D11-297891624162}.Debug|Any CPU.ActiveCfg = Debug|Any CPU
		{60B12096-C08D-4CEC-8D11-297891624162}.Debug|Any CPU.Build.0 = Debug|Any CPU
		{60B12096-C08D-4CEC-8D11-297891624162}.Release|Any CPU.ActiveCfg = Release|Any CPU
		{60B12096-C08D-4CEC-8D11-297891624162}.Release|Any CPU.Build.0 = Release|Any CPU
		{40C2E857-626F-4019-BE17-36CC88A22E2C}.Debug|Any CPU.ActiveCfg = Debug|Any CPU
		{40C2E857-626F-4019-BE17-36CC88A22E2C}.Debug|Any CPU.Build.0 = Debug|Any CPU
		{40C2E857-626F-4019-BE17-36CC88A22E2C}.Release|Any CPU.ActiveCfg = Release|Any CPU
		{40C2E857-626F-4019-BE17-36CC88A22E2C}.Release|Any CPU.Build.0 = Release|Any CPU
		{FC4081EA-4953-4897-8EAB-CA8E5E4178A8}.Debug|Any CPU.ActiveCfg = Debug|Any CPU
		{FC4081EA-4953-4897-8EAB-CA8E5E4178A8}.Debug|Any CPU.Build.0 = Debug|Any CPU
		{FC4081EA-4953-4897-8EAB-CA8E5E4178A8}.Release|Any CPU.ActiveCfg = Release|Any CPU
		{FC4081EA-4953-4897-8EAB-CA8E5E4178A8}.Release|Any CPU.Build.0 = Release|Any CPU
		{AE2D3589-49E6-43BE-9CA9-CB0AAE73FEF9}.Debug|Any CPU.ActiveCfg = Debug|Any CPU
		{AE2D3589-49E6-43BE-9CA9-CB0AAE73FEF9}.Debug|Any CPU.Build.0 = Debug|Any CPU
		{AE2D3589-49E6-43BE-9CA9-CB0AAE73FEF9}.Release|Any CPU.ActiveCfg = Release|Any CPU
		{AE2D3589-49E6-43BE-9CA9-CB0AAE73FEF9}.Release|Any CPU.Build.0 = Release|Any CPU
		{E14FD14C-1EE4-4C7B-9902-9D8A8AE6D71A}.Debug|Any CPU.ActiveCfg = Debug|Any CPU
		{E14FD14C-1EE4-4C7B-9902-9D8A8AE6D71A}.Debug|Any CPU.Build.0 = Debug|Any CPU
		{E14FD14C-1EE4-4C7B-9902-9D8A8AE6D71A}.Release|Any CPU.ActiveCfg = Release|Any CPU
		{E14FD14C-1EE4-4C7B-9902-9D8A8AE6D71A}.Release|Any CPU.Build.0 = Release|Any CPU
		{9580BA76-D681-4064-80A5-ABEEEECA81E4}.Debug|Any CPU.ActiveCfg = Debug|Any CPU
		{9580BA76-D681-4064-80A5-ABEEEECA81E4}.Debug|Any CPU.Build.0 = Debug|Any CPU
		{9580BA76-D681-4064-80A5-ABEEEECA81E4}.Release|Any CPU.ActiveCfg = Release|Any CPU
		{9580BA76-D681-4064-80A5-ABEEEECA81E4}.Release|Any CPU.Build.0 = Release|Any CPU
		{0329F841-0FD2-4397-8F35-5B7D5B2C5196}.Debug|Any CPU.ActiveCfg = Debug|Any CPU
		{0329F841-0FD2-4397-8F35-5B7D5B2C5196}.Debug|Any CPU.Build.0 = Debug|Any CPU
		{0329F841-0FD2-4397-8F35-5B7D5B2C5196}.Release|Any CPU.ActiveCfg = Release|Any CPU
		{0329F841-0FD2-4397-8F35-5B7D5B2C5196}.Release|Any CPU.Build.0 = Release|Any CPU
		{79ED63A0-7D7A-42B9-B60C-F218EBA84915}.Debug|Any CPU.ActiveCfg = Debug|Any CPU
		{79ED63A0-7D7A-42B9-B60C-F218EBA84915}.Debug|Any CPU.Build.0 = Debug|Any CPU
		{79ED63A0-7D7A-42B9-B60C-F218EBA84915}.Release|Any CPU.ActiveCfg = Release|Any CPU
		{79ED63A0-7D7A-42B9-B60C-F218EBA84915}.Release|Any CPU.Build.0 = Release|Any CPU
	EndGlobalSection
EndGlobal
